
Microsoft Visual Studio Solution File, Format Version 12.00
# Visual Studio 15
VisualStudioVersion = 15.0.28307.572
MinimumVisualStudioVersion = 10.0.40219.1
Project("{FAE04EC0-301F-11D3-BF4B-00C04F79EFBC}") = "MastermindConsole", "MastermindConsole\MastermindConsole.csproj", "{B43258C8-25FB-4CDB-99CC-F2BE171F33A3}"
EndProject
Global
	GlobalSection(SolutionConfigurationPlatforms) = preSolution
		Debug|Any CPU = Debug|Any CPU
		Release|Any CPU = Release|Any CPU
	EndGlobalSection
	GlobalSection(ProjectConfigurationPlatforms) = postSolution
		{B43258C8-25FB-4CDB-99CC-F2BE171F33A3}.Debug|Any CPU.ActiveCfg = Debug|Any CPU
		{B43258C8-25FB-4CDB-99CC-F2BE171F33A3}.Debug|Any CPU.Build.0 = Debug|Any CPU
		{B43258C8-25FB-4CDB-99CC-F2BE171F33A3}.Release|Any CPU.ActiveCfg = Release|Any CPU
		{B43258C8-25FB-4CDB-99CC-F2BE171F33A3}.Release|Any CPU.Build.0 = Release|Any CPU
	EndGlobalSection
	GlobalSection(SolutionProperties) = preSolution
		HideSolutionNode = FALSE
	EndGlobalSection
	GlobalSection(ExtensibilityGlobals) = postSolution
		SolutionGuid = {5DFE4FBE-E2C3-4C91-BA9F-D642516051E6}
	EndGlobalSection
EndGlobal
